
Microsoft Visual Studio Solution File, Format Version 12.00
# Visual Studio Version 16
VisualStudioVersion = 16.0.31410.357
MinimumVisualStudioVersion = 10.0.40219.1
Project("{FAE04EC0-301F-11D3-BF4B-00C04F79EFBC}") = "ConsoleDebug", "ConsoleDebug\ConsoleDebug.csproj", "{DF98531F-518C-44C6-9891-3BD3658252DE}"
EndProject
Project("{FAE04EC0-301F-11D3-BF4B-00C04F79EFBC}") = "ValidatorTest", "ValidatorTest\ValidatorTest.csproj", "{EA6366EE-A6E2-4117-BED4-77BC5998D473}"
EndProject
Project("{FAE04EC0-301F-11D3-BF4B-00C04F79EFBC}") = "PluginValidator", "PluginValidator\PluginValidator.csproj", "{02C86225-6860-4DF0-9DFA-F8370A3B7D88}"
EndProject
Global
	GlobalSection(SolutionConfigurationPlatforms) = preSolution
		Debug|Any CPU = Debug|Any CPU
		Release|Any CPU = Release|Any CPU
	EndGlobalSection
	GlobalSection(ProjectConfigurationPlatforms) = postSolution
		{DF98531F-518C-44C6-9891-3BD3658252DE}.Debug|Any CPU.ActiveCfg = Debug|Any CPU
		{DF98531F-518C-44C6-9891-3BD3658252DE}.Debug|Any CPU.Build.0 = Debug|Any CPU
		{DF98531F-518C-44C6-9891-3BD3658252DE}.Release|Any CPU.ActiveCfg = Release|Any CPU
		{DF98531F-518C-44C6-9891-3BD3658252DE}.Release|Any CPU.Build.0 = Release|Any CPU
		{EA6366EE-A6E2-4117-BED4-77BC5998D473}.Debug|Any CPU.ActiveCfg = Debug|Any CPU
		{EA6366EE-A6E2-4117-BED4-77BC5998D473}.Debug|Any CPU.Build.0 = Debug|Any CPU
		{EA6366EE-A6E2-4117-BED4-77BC5998D473}.Release|Any CPU.ActiveCfg = Release|Any CPU
		{EA6366EE-A6E2-4117-BED4-77BC5998D473}.Release|Any CPU.Build.0 = Release|Any CPU
		{02C86225-6860-4DF0-9DFA-F8370A3B7D88}.Debug|Any CPU.ActiveCfg = Debug|Any CPU
		{02C86225-6860-4DF0-9DFA-F8370A3B7D88}.Debug|Any CPU.Build.0 = Debug|Any CPU
		{02C86225-6860-4DF0-9DFA-F8370A3B7D88}.Release|Any CPU.ActiveCfg = Release|Any CPU
		{02C86225-6860-4DF0-9DFA-F8370A3B7D88}.Release|Any CPU.Build.0 = Release|Any CPU
	EndGlobalSection
	GlobalSection(SolutionProperties) = preSolution
		HideSolutionNode = FALSE
	EndGlobalSection
	GlobalSection(ExtensibilityGlobals) = postSolution
		SolutionGuid = {2C6783C1-667C-4D8D-97E9-E935940A44BA}
	EndGlobalSection
EndGlobal
